
Microsoft Visual Studio Solution File, Format Version 12.00
# Visual Studio Version 16
VisualStudioVersion = 16.0.32929.386
MinimumVisualStudioVersion = 10.0.40219.1
Project("{FAE04EC0-301F-11D3-BF4B-00C04F79EFBC}") = "19.11.2842_Tugas11", "19.11.2842_Tugas11\19.11.2842_Tugas11.csproj", "{0FEBF471-7CAC-433A-BF0C-578184EB8182}"
EndProject
Global
	GlobalSection(SolutionConfigurationPlatforms) = preSolution
		Debug|Any CPU = Debug|Any CPU
		Release|Any CPU = Release|Any CPU
	EndGlobalSection
	GlobalSection(ProjectConfigurationPlatforms) = postSolution
		{0FEBF471-7CAC-433A-BF0C-578184EB8182}.Debug|Any CPU.ActiveCfg = Debug|Any CPU
		{0FEBF471-7CAC-433A-BF0C-578184EB8182}.Debug|Any CPU.Build.0 = Debug|Any CPU
		{0FEBF471-7CAC-433A-BF0C-578184EB8182}.Release|Any CPU.ActiveCfg = Release|Any CPU
		{0FEBF471-7CAC-433A-BF0C-578184EB8182}.Release|Any CPU.Build.0 = Release|Any CPU
	EndGlobalSection
	GlobalSection(SolutionProperties) = preSolution
		HideSolutionNode = FALSE
	EndGlobalSection
	GlobalSection(ExtensibilityGlobals) = postSolution
		SolutionGuid = {164CD1CF-1CB1-4EF1-94B5-6DD58CACDF2A}
	EndGlobalSection
EndGlobal
